
Microsoft Visual Studio Solution File, Format Version 12.00
# Visual Studio 15
VisualStudioVersion = 15.0.26430.16
MinimumVisualStudioVersion = 10.0.40219.1
Project("{FAE04EC0-301F-11D3-BF4B-00C04F79EFBC}") = "MagicTool", "MagicTools\MagicTool.csproj", "{0EBD96AB-0E5E-4BC9-9F58-B33B168DAB4F}"
EndProject
Project("{FAE04EC0-301F-11D3-BF4B-00C04F79EFBC}") = "MagicTool.Util", "MagicTool.Util\MagicTool.Util.csproj", "{DDEC688A-46C0-4454-AA8B-EA9BF7B2946A}"
EndProject
Project("{FAE04EC0-301F-11D3-BF4B-00C04F79EFBC}") = "MagicTool.CodeGenerator", "MagicTool.CodeGenerator\MagicTool.CodeGenerator.csproj", "{AF8A3547-47DF-4CE7-91F2-0312DDE02D0D}"
EndProject
Project("{FAE04EC0-301F-11D3-BF4B-00C04F79EFBC}") = "MagicTool.Search", "MagicTool.Search\MagicTool.Search.csproj", "{230AD8EF-A541-4B4F-8DBC-4B6A065B1B29}"
EndProject
Project("{FAE04EC0-301F-11D3-BF4B-00C04F79EFBC}") = "MagicTool.Record", "MagicTool.Record\MagicTool.Record.csproj", "{22082B18-FEA0-4B68-8DEF-A005ACFC9548}"
EndProject
Project("{FAE04EC0-301F-11D3-BF4B-00C04F79EFBC}") = "MagicTool.DbAccess", "MagicTool.DbAccess\MagicTool.DbAccess.csproj", "{4DB12411-319D-4281-973D-C30BD5BE1FF8}"
EndProject
Project("{FAE04EC0-301F-11D3-BF4B-00C04F79EFBC}") = "MagicTool.UserControls", "MagicTool.UserControls\MagicTool.UserControls.csproj", "{C7B418D2-CBA4-463C-AF14-46CE9E5A55E1}"
EndProject
Global
	GlobalSection(SolutionConfigurationPlatforms) = preSolution
		Debug|Any CPU = Debug|Any CPU
		Release|Any CPU = Release|Any CPU
	EndGlobalSection
	GlobalSection(ProjectConfigurationPlatforms) = postSolution
		{0EBD96AB-0E5E-4BC9-9F58-B33B168DAB4F}.Debug|Any CPU.ActiveCfg = Debug|Any CPU
		{0EBD96AB-0E5E-4BC9-9F58-B33B168DAB4F}.Debug|Any CPU.Build.0 = Debug|Any CPU
		{0EBD96AB-0E5E-4BC9-9F58-B33B168DAB4F}.Release|Any CPU.ActiveCfg = Release|Any CPU
		{0EBD96AB-0E5E-4BC9-9F58-B33B168DAB4F}.Release|Any CPU.Build.0 = Release|Any CPU
		{DDEC688A-46C0-4454-AA8B-EA9BF7B2946A}.Debug|Any CPU.ActiveCfg = Debug|Any CPU
		{DDEC688A-46C0-4454-AA8B-EA9BF7B2946A}.Debug|Any CPU.Build.0 = Debug|Any CPU
		{DDEC688A-46C0-4454-AA8B-EA9BF7B2946A}.Release|Any CPU.ActiveCfg = Release|Any CPU
		{DDEC688A-46C0-4454-AA8B-EA9BF7B2946A}.Release|Any CPU.Build.0 = Release|Any CPU
		{AF8A3547-47DF-4CE7-91F2-0312DDE02D0D}.Debug|Any CPU.ActiveCfg = Debug|Any CPU
		{AF8A3547-47DF-4CE7-91F2-0312DDE02D0D}.Debug|Any CPU.Build.0 = Debug|Any CPU
		{AF8A3547-47DF-4CE7-91F2-0312DDE02D0D}.Release|Any CPU.ActiveCfg = Release|Any CPU
		{AF8A3547-47DF-4CE7-91F2-0312DDE02D0D}.Release|Any CPU.Build.0 = Release|Any CPU
		{230AD8EF-A541-4B4F-8DBC-4B6A065B1B29}.Debug|Any CPU.ActiveCfg = Debug|Any CPU
		{230AD8EF-A541-4B4F-8DBC-4B6A065B1B29}.Debug|Any CPU.Build.0 = Debug|Any CPU
		{230AD8EF-A541-4B4F-8DBC-4B6A065B1B29}.Release|Any CPU.ActiveCfg = Release|Any CPU
		{230AD8EF-A541-4B4F-8DBC-4B6A065B1B29}.Release|Any CPU.Build.0 = Release|Any CPU
		{22082B18-FEA0-4B68-8DEF-A005ACFC9548}.Debug|Any CPU.ActiveCfg = Debug|Any CPU
		{22082B18-FEA0-4B68-8DEF-A005ACFC9548}.Debug|Any CPU.Build.0 = Debug|Any CPU
		{22082B18-FEA0-4B68-8DEF-A005ACFC9548}.Release|Any CPU.ActiveCfg = Release|Any CPU
		{22082B18-FEA0-4B68-8DEF-A005ACFC9548}.Release|Any CPU.Build.0 = Release|Any CPU
		{4DB12411-319D-4281-973D-C30BD5BE1FF8}.Debug|Any CPU.ActiveCfg = Debug|Any CPU
		{4DB12411-319D-4281-973D-C30BD5BE1FF8}.Debug|Any CPU.Build.0 = Debug|Any CPU
		{4DB12411-319D-4281-973D-C30BD5BE1FF8}.Release|Any CPU.ActiveCfg = Release|Any CPU
		{4DB12411-319D-4281-973D-C30BD5BE1FF8}.Release|Any CPU.Build.0 = Release|Any CPU
		{C7B418D2-CBA4-463C-AF14-46CE9E5A55E1}.Debug|Any CPU.ActiveCfg = Debug|Any CPU
		{C7B418D2-CBA4-463C-AF14-46CE9E5A55E1}.Debug|Any CPU.Build.0 = Debug|Any CPU
		{C7B418D2-CBA4-463C-AF14-46CE9E5A55E1}.Release|Any CPU.ActiveCfg = Release|Any CPU
		{C7B418D2-CBA4-463C-AF14-46CE9E5A55E1}.Release|Any CPU.Build.0 = Release|Any CPU
	EndGlobalSection
	GlobalSection(SolutionProperties) = preSolution
		HideSolutionNode = FALSE
	EndGlobalSection
EndGlobal
